
Microsoft Visual Studio Solution File, Format Version 12.00
# Visual Studio 15
VisualStudioVersion = 15.0.27130.2020
MinimumVisualStudioVersion = 10.0.40219.1
Project("{FAE04EC0-301F-11D3-BF4B-00C04F79EFBC}") = "MovieCatalogConsol", "MovieCatalogConsol\MovieCatalogConsol.csproj", "{4DCE6D72-BD8D-47FB-88B4-001882D94268}"
EndProject
Global
	GlobalSection(SolutionConfigurationPlatforms) = preSolution
		Debug|Any CPU = Debug|Any CPU
		Release|Any CPU = Release|Any CPU
	EndGlobalSection
	GlobalSection(ProjectConfigurationPlatforms) = postSolution
		{4DCE6D72-BD8D-47FB-88B4-001882D94268}.Debug|Any CPU.ActiveCfg = Debug|Any CPU
		{4DCE6D72-BD8D-47FB-88B4-001882D94268}.Debug|Any CPU.Build.0 = Debug|Any CPU
		{4DCE6D72-BD8D-47FB-88B4-001882D94268}.Release|Any CPU.ActiveCfg = Release|Any CPU
		{4DCE6D72-BD8D-47FB-88B4-001882D94268}.Release|Any CPU.Build.0 = Release|Any CPU
	EndGlobalSection
	GlobalSection(SolutionProperties) = preSolution
		HideSolutionNode = FALSE
	EndGlobalSection
	GlobalSection(ExtensibilityGlobals) = postSolution
		SolutionGuid = {B5B8A72F-2751-4C4D-9923-29B0A7359C15}
	EndGlobalSection
EndGlobal
