
Microsoft Visual Studio Solution File, Format Version 12.00
# Visual Studio 15
VisualStudioVersion = 15.0.27130.2020
MinimumVisualStudioVersion = 10.0.40219.1
Project("{FAE04EC0-301F-11D3-BF4B-00C04F79EFBC}") = "SGBank.UI", "SGBank.UI\SGBank.UI.csproj", "{47DA66BF-CC73-443F-B3ED-24914F8D15FC}"
EndProject
Project("{FAE04EC0-301F-11D3-BF4B-00C04F79EFBC}") = "SGBank.Models", "SGBank.Models\SGBank.Models.csproj", "{46CC20BF-C73E-4A41-AAE2-D3542E160826}"
EndProject
Project("{FAE04EC0-301F-11D3-BF4B-00C04F79EFBC}") = "SGBank.BLL", "SGBank.BLL\SGBank.BLL.csproj", "{6198EA97-1D0E-43AB-A3F1-38FC3D9B4841}"
EndProject
Project("{FAE04EC0-301F-11D3-BF4B-00C04F79EFBC}") = "SGBank.Data", "SGBank.Data\SGBank.Data.csproj", "{B50EB0AC-1C92-46B9-AC93-DB846EDF5A32}"
EndProject
Global
	GlobalSection(SolutionConfigurationPlatforms) = preSolution
		Debug|Any CPU = Debug|Any CPU
		Release|Any CPU = Release|Any CPU
	EndGlobalSection
	GlobalSection(ProjectConfigurationPlatforms) = postSolution
		{47DA66BF-CC73-443F-B3ED-24914F8D15FC}.Debug|Any CPU.ActiveCfg = Debug|Any CPU
		{47DA66BF-CC73-443F-B3ED-24914F8D15FC}.Debug|Any CPU.Build.0 = Debug|Any CPU
		{47DA66BF-CC73-443F-B3ED-24914F8D15FC}.Release|Any CPU.ActiveCfg = Release|Any CPU
		{47DA66BF-CC73-443F-B3ED-24914F8D15FC}.Release|Any CPU.Build.0 = Release|Any CPU
		{46CC20BF-C73E-4A41-AAE2-D3542E160826}.Debug|Any CPU.ActiveCfg = Debug|Any CPU
		{46CC20BF-C73E-4A41-AAE2-D3542E160826}.Debug|Any CPU.Build.0 = Debug|Any CPU
		{46CC20BF-C73E-4A41-AAE2-D3542E160826}.Release|Any CPU.ActiveCfg = Release|Any CPU
		{46CC20BF-C73E-4A41-AAE2-D3542E160826}.Release|Any CPU.Build.0 = Release|Any CPU
		{6198EA97-1D0E-43AB-A3F1-38FC3D9B4841}.Debug|Any CPU.ActiveCfg = Debug|Any CPU
		{6198EA97-1D0E-43AB-A3F1-38FC3D9B4841}.Debug|Any CPU.Build.0 = Debug|Any CPU
		{6198EA97-1D0E-43AB-A3F1-38FC3D9B4841}.Release|Any CPU.ActiveCfg = Release|Any CPU
		{6198EA97-1D0E-43AB-A3F1-38FC3D9B4841}.Release|Any CPU.Build.0 = Release|Any CPU
		{B50EB0AC-1C92-46B9-AC93-DB846EDF5A32}.Debug|Any CPU.ActiveCfg = Debug|Any CPU
		{B50EB0AC-1C92-46B9-AC93-DB846EDF5A32}.Debug|Any CPU.Build.0 = Debug|Any CPU
		{B50EB0AC-1C92-46B9-AC93-DB846EDF5A32}.Release|Any CPU.ActiveCfg = Release|Any CPU
		{B50EB0AC-1C92-46B9-AC93-DB846EDF5A32}.Release|Any CPU.Build.0 = Release|Any CPU
	EndGlobalSection
	GlobalSection(SolutionProperties) = preSolution
		HideSolutionNode = FALSE
	EndGlobalSection
	GlobalSection(ExtensibilityGlobals) = postSolution
		SolutionGuid = {836ED47E-D1E4-4CC7-8A50-48EF6F662747}
	EndGlobalSection
EndGlobal
