
Microsoft Visual Studio Solution File, Format Version 12.00
# Visual Studio 15
VisualStudioVersion = 15.0.27130.2020
MinimumVisualStudioVersion = 10.0.40219.1
Project("{FAE04EC0-301F-11D3-BF4B-00C04F79EFBC}") = "RockPaperScissors", "RockPaperScissors\RockPaperScissors.csproj", "{7E9D4AB9-79A5-4A8C-9E9E-5AAE239833FB}"
EndProject
Project("{FAE04EC0-301F-11D3-BF4B-00C04F79EFBC}") = "RockPaperScissors.BLL", "RockPaperScissors.BLL\RockPaperScissors.BLL.csproj", "{278D0E1D-2EDD-47F2-9074-E39CC9848BD6}"
EndProject
Project("{FAE04EC0-301F-11D3-BF4B-00C04F79EFBC}") = "RockPaperScissors.Tests", "RockPaperScissors.Tests\RockPaperScissors.Tests.csproj", "{4C693835-017E-425E-B680-13DD2E543CF6}"
EndProject
Global
	GlobalSection(SolutionConfigurationPlatforms) = preSolution
		Debug|Any CPU = Debug|Any CPU
		Release|Any CPU = Release|Any CPU
	EndGlobalSection
	GlobalSection(ProjectConfigurationPlatforms) = postSolution
		{7E9D4AB9-79A5-4A8C-9E9E-5AAE239833FB}.Debug|Any CPU.ActiveCfg = Debug|Any CPU
		{7E9D4AB9-79A5-4A8C-9E9E-5AAE239833FB}.Debug|Any CPU.Build.0 = Debug|Any CPU
		{7E9D4AB9-79A5-4A8C-9E9E-5AAE239833FB}.Release|Any CPU.ActiveCfg = Release|Any CPU
		{7E9D4AB9-79A5-4A8C-9E9E-5AAE239833FB}.Release|Any CPU.Build.0 = Release|Any CPU
		{278D0E1D-2EDD-47F2-9074-E39CC9848BD6}.Debug|Any CPU.ActiveCfg = Debug|Any CPU
		{278D0E1D-2EDD-47F2-9074-E39CC9848BD6}.Debug|Any CPU.Build.0 = Debug|Any CPU
		{278D0E1D-2EDD-47F2-9074-E39CC9848BD6}.Release|Any CPU.ActiveCfg = Release|Any CPU
		{278D0E1D-2EDD-47F2-9074-E39CC9848BD6}.Release|Any CPU.Build.0 = Release|Any CPU
		{4C693835-017E-425E-B680-13DD2E543CF6}.Debug|Any CPU.ActiveCfg = Debug|Any CPU
		{4C693835-017E-425E-B680-13DD2E543CF6}.Debug|Any CPU.Build.0 = Debug|Any CPU
		{4C693835-017E-425E-B680-13DD2E543CF6}.Release|Any CPU.ActiveCfg = Release|Any CPU
		{4C693835-017E-425E-B680-13DD2E543CF6}.Release|Any CPU.Build.0 = Release|Any CPU
	EndGlobalSection
	GlobalSection(SolutionProperties) = preSolution
		HideSolutionNode = FALSE
	EndGlobalSection
	GlobalSection(ExtensibilityGlobals) = postSolution
		SolutionGuid = {DA85E233-5E64-4618-85D7-E0D665EC4144}
	EndGlobalSection
EndGlobal
