
Microsoft Visual Studio Solution File, Format Version 12.00
# Visual Studio 15
VisualStudioVersion = 15.0.27130.2020
MinimumVisualStudioVersion = 10.0.40219.1
Project("{FAE04EC0-301F-11D3-BF4B-00C04F79EFBC}") = "SimpleCalculator", "SimpleCalculator\SimpleCalculator.csproj", "{0B81FF7C-049B-4316-B70B-79DBC9DABC8D}"
EndProject
Project("{FAE04EC0-301F-11D3-BF4B-00C04F79EFBC}") = "SimpleCalculator.Tests", "SimpleCalculator.Tests\SimpleCalculator.Tests.csproj", "{2482AAEC-5426-49F6-BF1B-7CE04D65A34C}"
EndProject
Global
	GlobalSection(SolutionConfigurationPlatforms) = preSolution
		Debug|Any CPU = Debug|Any CPU
		Release|Any CPU = Release|Any CPU
	EndGlobalSection
	GlobalSection(ProjectConfigurationPlatforms) = postSolution
		{0B81FF7C-049B-4316-B70B-79DBC9DABC8D}.Debug|Any CPU.ActiveCfg = Debug|Any CPU
		{0B81FF7C-049B-4316-B70B-79DBC9DABC8D}.Debug|Any CPU.Build.0 = Debug|Any CPU
		{0B81FF7C-049B-4316-B70B-79DBC9DABC8D}.Release|Any CPU.ActiveCfg = Release|Any CPU
		{0B81FF7C-049B-4316-B70B-79DBC9DABC8D}.Release|Any CPU.Build.0 = Release|Any CPU
		{2482AAEC-5426-49F6-BF1B-7CE04D65A34C}.Debug|Any CPU.ActiveCfg = Debug|Any CPU
		{2482AAEC-5426-49F6-BF1B-7CE04D65A34C}.Debug|Any CPU.Build.0 = Debug|Any CPU
		{2482AAEC-5426-49F6-BF1B-7CE04D65A34C}.Release|Any CPU.ActiveCfg = Release|Any CPU
		{2482AAEC-5426-49F6-BF1B-7CE04D65A34C}.Release|Any CPU.Build.0 = Release|Any CPU
	EndGlobalSection
	GlobalSection(SolutionProperties) = preSolution
		HideSolutionNode = FALSE
	EndGlobalSection
	GlobalSection(ExtensibilityGlobals) = postSolution
		SolutionGuid = {791873AB-F9F4-4CD2-9A74-4C34CB1BADCF}
	EndGlobalSection
EndGlobal
