
Microsoft Visual Studio Solution File, Format Version 12.00
# Visual Studio 15
VisualStudioVersion = 15.0.27428.2005
MinimumVisualStudioVersion = 10.0.40219.1
Project("{FAE04EC0-301F-11D3-BF4B-00C04F79EFBC}") = "CarDealership.UI", "CarDealership.UI\CarDealership.UI.csproj", "{3F8591E4-1709-42CF-8D01-BD5AB212161A}"
EndProject
Global
	GlobalSection(SolutionConfigurationPlatforms) = preSolution
		Debug|Any CPU = Debug|Any CPU
		Release|Any CPU = Release|Any CPU
	EndGlobalSection
	GlobalSection(ProjectConfigurationPlatforms) = postSolution
		{3F8591E4-1709-42CF-8D01-BD5AB212161A}.Debug|Any CPU.ActiveCfg = Debug|Any CPU
		{3F8591E4-1709-42CF-8D01-BD5AB212161A}.Debug|Any CPU.Build.0 = Debug|Any CPU
		{3F8591E4-1709-42CF-8D01-BD5AB212161A}.Release|Any CPU.ActiveCfg = Release|Any CPU
		{3F8591E4-1709-42CF-8D01-BD5AB212161A}.Release|Any CPU.Build.0 = Release|Any CPU
	EndGlobalSection
	GlobalSection(SolutionProperties) = preSolution
		HideSolutionNode = FALSE
	EndGlobalSection
	GlobalSection(ExtensibilityGlobals) = postSolution
		SolutionGuid = {18FB28CB-3407-44C6-8BCF-E4EFFD6732A2}
	EndGlobalSection
EndGlobal
