
Microsoft Visual Studio Solution File, Format Version 12.00
# Visual Studio 15
VisualStudioVersion = 15.0.27130.2020
MinimumVisualStudioVersion = 10.0.40219.1
Project("{FAE04EC0-301F-11D3-BF4B-00C04F79EFBC}") = "TicTacToe", "TicTacToe\TicTacToe.csproj", "{02C3D2DE-CD5B-4E63-A24B-DF99E0AD3BDC}"
EndProject
Project("{FAE04EC0-301F-11D3-BF4B-00C04F79EFBC}") = "JoshTicTacToe", "JoshTicTacToe\JoshTicTacToe.csproj", "{37484B34-1E72-46F7-8421-2E250639FC22}"
EndProject
Global
	GlobalSection(SolutionConfigurationPlatforms) = preSolution
		Debug|Any CPU = Debug|Any CPU
		Release|Any CPU = Release|Any CPU
	EndGlobalSection
	GlobalSection(ProjectConfigurationPlatforms) = postSolution
		{02C3D2DE-CD5B-4E63-A24B-DF99E0AD3BDC}.Debug|Any CPU.ActiveCfg = Debug|Any CPU
		{02C3D2DE-CD5B-4E63-A24B-DF99E0AD3BDC}.Debug|Any CPU.Build.0 = Debug|Any CPU
		{02C3D2DE-CD5B-4E63-A24B-DF99E0AD3BDC}.Release|Any CPU.ActiveCfg = Release|Any CPU
		{02C3D2DE-CD5B-4E63-A24B-DF99E0AD3BDC}.Release|Any CPU.Build.0 = Release|Any CPU
		{37484B34-1E72-46F7-8421-2E250639FC22}.Debug|Any CPU.ActiveCfg = Debug|Any CPU
		{37484B34-1E72-46F7-8421-2E250639FC22}.Debug|Any CPU.Build.0 = Debug|Any CPU
		{37484B34-1E72-46F7-8421-2E250639FC22}.Release|Any CPU.ActiveCfg = Release|Any CPU
		{37484B34-1E72-46F7-8421-2E250639FC22}.Release|Any CPU.Build.0 = Release|Any CPU
	EndGlobalSection
	GlobalSection(SolutionProperties) = preSolution
		HideSolutionNode = FALSE
	EndGlobalSection
	GlobalSection(ExtensibilityGlobals) = postSolution
		SolutionGuid = {FC369F2E-C44A-4CCF-88BB-0390FC0B4196}
	EndGlobalSection
EndGlobal
