
Microsoft Visual Studio Solution File, Format Version 12.00
# Visual Studio 15
VisualStudioVersion = 15.0.27130.2020
MinimumVisualStudioVersion = 10.0.40219.1
Project("{FAE04EC0-301F-11D3-BF4B-00C04F79EFBC}") = "TipCalculator", "TipCalculator\TipCalculator.csproj", "{144D276E-6961-4CEC-A45F-243BEAFB144A}"
EndProject
Project("{FAE04EC0-301F-11D3-BF4B-00C04F79EFBC}") = "TipCalculator.BLL", "TipCalculator.BLL\TipCalculator.BLL.csproj", "{4BBFFB86-F323-49B2-B706-046DF647B4BE}"
EndProject
Global
	GlobalSection(SolutionConfigurationPlatforms) = preSolution
		Debug|Any CPU = Debug|Any CPU
		Release|Any CPU = Release|Any CPU
	EndGlobalSection
	GlobalSection(ProjectConfigurationPlatforms) = postSolution
		{144D276E-6961-4CEC-A45F-243BEAFB144A}.Debug|Any CPU.ActiveCfg = Debug|Any CPU
		{144D276E-6961-4CEC-A45F-243BEAFB144A}.Debug|Any CPU.Build.0 = Debug|Any CPU
		{144D276E-6961-4CEC-A45F-243BEAFB144A}.Release|Any CPU.ActiveCfg = Release|Any CPU
		{144D276E-6961-4CEC-A45F-243BEAFB144A}.Release|Any CPU.Build.0 = Release|Any CPU
		{4BBFFB86-F323-49B2-B706-046DF647B4BE}.Debug|Any CPU.ActiveCfg = Debug|Any CPU
		{4BBFFB86-F323-49B2-B706-046DF647B4BE}.Debug|Any CPU.Build.0 = Debug|Any CPU
		{4BBFFB86-F323-49B2-B706-046DF647B4BE}.Release|Any CPU.ActiveCfg = Release|Any CPU
		{4BBFFB86-F323-49B2-B706-046DF647B4BE}.Release|Any CPU.Build.0 = Release|Any CPU
	EndGlobalSection
	GlobalSection(SolutionProperties) = preSolution
		HideSolutionNode = FALSE
	EndGlobalSection
	GlobalSection(ExtensibilityGlobals) = postSolution
		SolutionGuid = {55F9EB4B-4D1B-4B35-8D8E-98A1031B5F6F}
	EndGlobalSection
EndGlobal
