
Microsoft Visual Studio Solution File, Format Version 12.00
# Visual Studio 15
VisualStudioVersion = 15.0.27130.2020
MinimumVisualStudioVersion = 10.0.40219.1
Project("{FAE04EC0-301F-11D3-BF4B-00C04F79EFBC}") = "MVCCodeAlong", "MVCCodeAlong\MVCCodeAlong.csproj", "{3CAF7E97-2894-49CD-AE11-FF6BD6241CFC}"
EndProject
Global
	GlobalSection(SolutionConfigurationPlatforms) = preSolution
		Debug|Any CPU = Debug|Any CPU
		Release|Any CPU = Release|Any CPU
	EndGlobalSection
	GlobalSection(ProjectConfigurationPlatforms) = postSolution
		{3CAF7E97-2894-49CD-AE11-FF6BD6241CFC}.Debug|Any CPU.ActiveCfg = Debug|Any CPU
		{3CAF7E97-2894-49CD-AE11-FF6BD6241CFC}.Debug|Any CPU.Build.0 = Debug|Any CPU
		{3CAF7E97-2894-49CD-AE11-FF6BD6241CFC}.Release|Any CPU.ActiveCfg = Release|Any CPU
		{3CAF7E97-2894-49CD-AE11-FF6BD6241CFC}.Release|Any CPU.Build.0 = Release|Any CPU
	EndGlobalSection
	GlobalSection(SolutionProperties) = preSolution
		HideSolutionNode = FALSE
	EndGlobalSection
	GlobalSection(ExtensibilityGlobals) = postSolution
		SolutionGuid = {0052860E-06E8-4496-A2C3-67BDB59E32E7}
	EndGlobalSection
EndGlobal
